
Microsoft Visual Studio Solution File, Format Version 12.00
# Visual Studio Version 16
VisualStudioVersion = 16.0.30204.135
MinimumVisualStudioVersion = 10.0.40219.1
Project("{FAE04EC0-301F-11D3-BF4B-00C04F79EFBC}") = "ListView.Android", "ListView\ListView.Android\ListView.Android.csproj", "{86FA1DAC-335F-49F7-B835-C65E819B5484}"
EndProject
Project("{FAE04EC0-301F-11D3-BF4B-00C04F79EFBC}") = "ListView.iOS", "ListView\ListView.iOS\ListView.iOS.csproj", "{5E447D38-F8B3-4EE5-A1B7-C2F7C93116A2}"
EndProject
Project("{FAE04EC0-301F-11D3-BF4B-00C04F79EFBC}") = "ListView", "ListView\ListView\ListView.csproj", "{7CBFA662-DCA9-45C7-AEFC-8E2F4687FF6B}"
EndProject
Global
	GlobalSection(SolutionConfigurationPlatforms) = preSolution
		Debug|Any CPU = Debug|Any CPU
		Debug|iPhone = Debug|iPhone
		Debug|iPhoneSimulator = Debug|iPhoneSimulator
		Release|Any CPU = Release|Any CPU
		Release|iPhone = Release|iPhone
		Release|iPhoneSimulator = Release|iPhoneSimulator
	EndGlobalSection
	GlobalSection(ProjectConfigurationPlatforms) = postSolution
		{86FA1DAC-335F-49F7-B835-C65E819B5484}.Debug|Any CPU.ActiveCfg = Debug|Any CPU
		{86FA1DAC-335F-49F7-B835-C65E819B5484}.Debug|Any CPU.Build.0 = Debug|Any CPU
		{86FA1DAC-335F-49F7-B835-C65E819B5484}.Debug|Any CPU.Deploy.0 = Debug|Any CPU
		{86FA1DAC-335F-49F7-B835-C65E819B5484}.Debug|iPhone.ActiveCfg = Debug|Any CPU
		{86FA1DAC-335F-49F7-B835-C65E819B5484}.Debug|iPhone.Build.0 = Debug|Any CPU
		{86FA1DAC-335F-49F7-B835-C65E819B5484}.Debug|iPhone.Deploy.0 = Debug|Any CPU
		{86FA1DAC-335F-49F7-B835-C65E819B5484}.Debug|iPhoneSimulator.ActiveCfg = Debug|Any CPU
		{86FA1DAC-335F-49F7-B835-C65E819B5484}.Debug|iPhoneSimulator.Build.0 = Debug|Any CPU
		{86FA1DAC-335F-49F7-B835-C65E819B5484}.Debug|iPhoneSimulator.Deploy.0 = Debug|Any CPU
		{86FA1DAC-335F-49F7-B835-C65E819B5484}.Release|Any CPU.ActiveCfg = Release|Any CPU
		{86FA1DAC-335F-49F7-B835-C65E819B5484}.Release|Any CPU.Build.0 = Release|Any CPU
		{86FA1DAC-335F-49F7-B835-C65E819B5484}.Release|Any CPU.Deploy.0 = Release|Any CPU
		{86FA1DAC-335F-49F7-B835-C65E819B5484}.Release|iPhone.ActiveCfg = Release|Any CPU
		{86FA1DAC-335F-49F7-B835-C65E819B5484}.Release|iPhone.Build.0 = Release|Any CPU
		{86FA1DAC-335F-49F7-B835-C65E819B5484}.Release|iPhone.Deploy.0 = Release|Any CPU
		{86FA1DAC-335F-49F7-B835-C65E819B5484}.Release|iPhoneSimulator.ActiveCfg = Release|Any CPU
		{86FA1DAC-335F-49F7-B835-C65E819B5484}.Release|iPhoneSimulator.Build.0 = Release|Any CPU
		{86FA1DAC-335F-49F7-B835-C65E819B5484}.Release|iPhoneSimulator.Deploy.0 = Release|Any CPU
		{5E447D38-F8B3-4EE5-A1B7-C2F7C93116A2}.Debug|Any CPU.ActiveCfg = Debug|iPhone
		{5E447D38-F8B3-4EE5-A1B7-C2F7C93116A2}.Debug|Any CPU.Build.0 = Debug|iPhone
		{5E447D38-F8B3-4EE5-A1B7-C2F7C93116A2}.Debug|Any CPU.Deploy.0 = Debug|iPhone
		{5E447D38-F8B3-4EE5-A1B7-C2F7C93116A2}.Debug|iPhone.ActiveCfg = Debug|iPhone
		{5E447D38-F8B3-4EE5-A1B7-C2F7C93116A2}.Debug|iPhone.Build.0 = Debug|iPhone
		{5E447D38-F8B3-4EE5-A1B7-C2F7C93116A2}.Debug|iPhone.Deploy.0 = Debug|iPhone
		{5E447D38-F8B3-4EE5-A1B7-C2F7C93116A2}.Debug|iPhoneSimulator.ActiveCfg = Debug|iPhoneSimulator
		{5E447D38-F8B3-4EE5-A1B7-C2F7C93116A2}.Debug|iPhoneSimulator.Build.0 = Debug|iPhoneSimulator
		{5E447D38-F8B3-4EE5-A1B7-C2F7C93116A2}.Debug|iPhoneSimulator.Deploy.0 = Debug|iPhoneSimulator
		{5E447D38-F8B3-4EE5-A1B7-C2F7C93116A2}.Release|Any CPU.ActiveCfg = Release|iPhone
		{5E447D38-F8B3-4EE5-A1B7-C2F7C93116A2}.Release|Any CPU.Build.0 = Release|iPhone
		{5E447D38-F8B3-4EE5-A1B7-C2F7C93116A2}.Release|Any CPU.Deploy.0 = Release|iPhone
		{5E447D38-F8B3-4EE5-A1B7-C2F7C93116A2}.Release|iPhone.ActiveCfg = Release|iPhone
		{5E447D38-F8B3-4EE5-A1B7-C2F7C93116A2}.Release|iPhone.Build.0 = Release|iPhone
		{5E447D38-F8B3-4EE5-A1B7-C2F7C93116A2}.Release|iPhone.Deploy.0 = Release|iPhone
		{5E447D38-F8B3-4EE5-A1B7-C2F7C93116A2}.Release|iPhoneSimulator.ActiveCfg = Release|iPhoneSimulator
		{5E447D38-F8B3-4EE5-A1B7-C2F7C93116A2}.Release|iPhoneSimulator.Build.0 = Release|iPhoneSimulator
		{5E447D38-F8B3-4EE5-A1B7-C2F7C93116A2}.Release|iPhoneSimulator.Deploy.0 = Release|iPhoneSimulator
		{7CBFA662-DCA9-45C7-AEFC-8E2F4687FF6B}.Debug|Any CPU.ActiveCfg = Debug|Any CPU
		{7CBFA662-DCA9-45C7-AEFC-8E2F4687FF6B}.Debug|Any CPU.Build.0 = Debug|Any CPU
		{7CBFA662-DCA9-45C7-AEFC-8E2F4687FF6B}.Debug|Any CPU.Deploy.0 = Debug|Any CPU
		{7CBFA662-DCA9-45C7-AEFC-8E2F4687FF6B}.Debug|iPhone.ActiveCfg = Debug|Any CPU
		{7CBFA662-DCA9-45C7-AEFC-8E2F4687FF6B}.Debug|iPhone.Build.0 = Debug|Any CPU
		{7CBFA662-DCA9-45C7-AEFC-8E2F4687FF6B}.Debug|iPhone.Deploy.0 = Debug|Any CPU
		{7CBFA662-DCA9-45C7-AEFC-8E2F4687FF6B}.Debug|iPhoneSimulator.ActiveCfg = Debug|Any CPU
		{7CBFA662-DCA9-45C7-AEFC-8E2F4687FF6B}.Debug|iPhoneSimulator.Build.0 = Debug|Any CPU
		{7CBFA662-DCA9-45C7-AEFC-8E2F4687FF6B}.Debug|iPhoneSimulator.Deploy.0 = Debug|Any CPU
		{7CBFA662-DCA9-45C7-AEFC-8E2F4687FF6B}.Release|Any CPU.ActiveCfg = Release|Any CPU
		{7CBFA662-DCA9-45C7-AEFC-8E2F4687FF6B}.Release|Any CPU.Build.0 = Release|Any CPU
		{7CBFA662-DCA9-45C7-AEFC-8E2F4687FF6B}.Release|Any CPU.Deploy.0 = Release|Any CPU
		{7CBFA662-DCA9-45C7-AEFC-8E2F4687FF6B}.Release|iPhone.ActiveCfg = Release|Any CPU
		{7CBFA662-DCA9-45C7-AEFC-8E2F4687FF6B}.Release|iPhone.Build.0 = Release|Any CPU
		{7CBFA662-DCA9-45C7-AEFC-8E2F4687FF6B}.Release|iPhone.Deploy.0 = Release|Any CPU
		{7CBFA662-DCA9-45C7-AEFC-8E2F4687FF6B}.Release|iPhoneSimulator.ActiveCfg = Release|Any CPU
		{7CBFA662-DCA9-45C7-AEFC-8E2F4687FF6B}.Release|iPhoneSimulator.Build.0 = Release|Any CPU
		{7CBFA662-DCA9-45C7-AEFC-8E2F4687FF6B}.Release|iPhoneSimulator.Deploy.0 = Release|Any CPU
	EndGlobalSection
	GlobalSection(SolutionProperties) = preSolution
		HideSolutionNode = FALSE
	EndGlobalSection
	GlobalSection(ExtensibilityGlobals) = postSolution
		SolutionGuid = {52FECE40-0192-49B9-897F-D6DD043BDE74}
	EndGlobalSection
EndGlobal
